// !$*UTF8*$!
{
	archiveVersion = 1;
	classes = {
	};
	objectVersion = 50;
	objects = {

/* Begin PBXBuildFile section */
		6726234F2115646700E869C5 /* AppDelegate.swift in Sources */ = {isa = PBXBuildFile; fileRef = 6726234E2115646700E869C5 /* AppDelegate.swift */; };
		672623542115646700E869C5 /* Main.storyboard in Resources */ = {isa = PBXBuildFile; fileRef = 672623522115646700E869C5 /* Main.storyboard */; };
		672623562115646E00E869C5 /* Assets.xcassets in Resources */ = {isa = PBXBuildFile; fileRef = 672623552115646E00E869C5 /* Assets.xcassets */; };
		672623592115646E00E869C5 /* LaunchScreen.storyboard in Resources */ = {isa = PBXBuildFile; fileRef = 672623572115646E00E869C5 /* LaunchScreen.storyboard */; };
		672623642115646E00E869C5 /* NavigationTests.swift in Sources */ = {isa = PBXBuildFile; fileRef = 672623632115646E00E869C5 /* NavigationTests.swift */; };
		6726236F2115646E00E869C5 /* NavigationUITests.swift in Sources */ = {isa = PBXBuildFile; fileRef = 6726236E2115646E00E869C5 /* NavigationUITests.swift */; };
		6726237D211564C800E869C5 /* AttractionTableViewController.swift in Sources */ = {isa = PBXBuildFile; fileRef = 6726237C211564C800E869C5 /* AttractionTableViewController.swift */; };
		6726237F211565F800E869C5 /* AttratactionTableViewCell.swift in Sources */ = {isa = PBXBuildFile; fileRef = 6726237E211565F800E869C5 /* AttratactionTableViewCell.swift */; };
		6726238521156A9200E869C5 /* eiffel_tower.jpg in Resources */ = {isa = PBXBuildFile; fileRef = 6726238021156A9100E869C5 /* eiffel_tower.jpg */; };
		6726238621156A9200E869C5 /* empire_state_building.jpg in Resources */ = {isa = PBXBuildFile; fileRef = 6726238121156A9100E869C5 /* empire_state_building.jpg */; };
		6726238721156A9200E869C5 /* grand_canyon.jpg in Resources */ = {isa = PBXBuildFile; fileRef = 6726238221156A9200E869C5 /* grand_canyon.jpg */; };
		6726238821156A9200E869C5 /* windsor_castle.jpg in Resources */ = {isa = PBXBuildFile; fileRef = 6726238321156A9200E869C5 /* windsor_castle.jpg */; };
		6726238921156A9200E869C5 /* buckingham_palace.jpg in Resources */ = {isa = PBXBuildFile; fileRef = 6726238421156A9200E869C5 /* buckingham_palace.jpg */; };
		6726238B2115741500E869C5 /* AttractionDetailViewController.swift in Sources */ = {isa = PBXBuildFile; fileRef = 6726238A2115741500E869C5 /* AttractionDetailViewController.swift */; };
/* End PBXBuildFile section */

/* Begin PBXContainerItemProxy section */
		672623602115646E00E869C5 /* PBXContainerItemProxy */ = {
			isa = PBXContainerItemProxy;
			containerPortal = 672623432115646700E869C5 /* Project object */;
			proxyType = 1;
			remoteGlobalIDString = 6726234A2115646700E869C5;
			remoteInfo = Navigation;
		};
		6726236B2115646E00E869C5 /* PBXContainerItemProxy */ = {
			isa = PBXContainerItemProxy;
			containerPortal = 672623432115646700E869C5 /* Project object */;
			proxyType = 1;
			remoteGlobalIDString = 6726234A2115646700E869C5;
			remoteInfo = Navigation;
		};
/* End PBXContainerItemProxy section */

/* Begin PBXFileReference section */
		6726234B2115646700E869C5 /* Navigation.app */ = {isa = PBXFileReference; explicitFileType = wrapper.application; includeInIndex = 0; path = Navigation.app; sourceTree = BUILT_PRODUCTS_DIR; };
		6726234E2115646700E869C5 /* AppDelegate.swift */ = {isa = PBXFileReference; lastKnownFileType = sourcecode.swift; path = AppDelegate.swift; sourceTree = "<group>"; };
		672623532115646700E869C5 /* Base */ = {isa = PBXFileReference; lastKnownFileType = file.storyboard; name = Base; path = Base.lproj/Main.storyboard; sourceTree = "<group>"; };
		672623552115646E00E869C5 /* Assets.xcassets */ = {isa = PBXFileReference; lastKnownFileType = folder.assetcatalog; path = Assets.xcassets; sourceTree = "<group>"; };
		672623582115646E00E869C5 /* Base */ = {isa = PBXFileReference; lastKnownFileType = file.storyboard; name = Base; path = Base.lproj/LaunchScreen.storyboard; sourceTree = "<group>"; };
		6726235A2115646E00E869C5 /* Info.plist */ = {isa = PBXFileReference; lastKnownFileType = text.plist.xml; path = Info.plist; sourceTree = "<group>"; };
		6726235F2115646E00E869C5 /* NavigationTests.xctest */ = {isa = PBXFileReference; explicitFileType = wrapper.cfbundle; includeInIndex = 0; path = NavigationTests.xctest; sourceTree = BUILT_PRODUCTS_DIR; };
		672623632115646E00E869C5 /* NavigationTests.swift */ = {isa = PBXFileReference; lastKnownFileType = sourcecode.swift; path = NavigationTests.swift; sourceTree = "<group>"; };
		672623652115646E00E869C5 /* Info.plist */ = {isa = PBXFileReference; lastKnownFileType = text.plist.xml; path = Info.plist; sourceTree = "<group>"; };
		6726236A2115646E00E869C5 /* NavigationUITests.xctest */ = {isa = PBXFileReference; explicitFileType = wrapper.cfbundle; includeInIndex = 0; path = NavigationUITests.xctest; sourceTree = BUILT_PRODUCTS_DIR; };
		6726236E2115646E00E869C5 /* NavigationUITests.swift */ = {isa = PBXFileReference; lastKnownFileType = sourcecode.swift; path = NavigationUITests.swift; sourceTree = "<group>"; };
		672623702115646E00E869C5 /* Info.plist */ = {isa = PBXFileReference; lastKnownFileType = text.plist.xml; path = Info.plist; sourceTree = "<group>"; };
		6726237C211564C800E869C5 /* AttractionTableViewController.swift */ = {isa = PBXFileReference; lastKnownFileType = sourcecode.swift; path = AttractionTableViewController.swift; sourceTree = "<group>"; };
		6726237E211565F800E869C5 /* AttratactionTableViewCell.swift */ = {isa = PBXFileReference; lastKnownFileType = sourcecode.swift; path = AttratactionTableViewCell.swift; sourceTree = "<group>"; };
		6726238021156A9100E869C5 /* eiffel_tower.jpg */ = {isa = PBXFileReference; lastKnownFileType = image.jpeg; path = eiffel_tower.jpg; sourceTree = "<group>"; };
		6726238121156A9100E869C5 /* empire_state_building.jpg */ = {isa = PBXFileReference; lastKnownFileType = image.jpeg; path = empire_state_building.jpg; sourceTree = "<group>"; };
		6726238221156A9200E869C5 /* grand_canyon.jpg */ = {isa = PBXFileReference; lastKnownFileType = image.jpeg; path = grand_canyon.jpg; sourceTree = "<group>"; };
		6726238321156A9200E869C5 /* windsor_castle.jpg */ = {isa = PBXFileReference; lastKnownFileType = image.jpeg; path = windsor_castle.jpg; sourceTree = "<group>"; };
		6726238421156A9200E869C5 /* buckingham_palace.jpg */ = {isa = PBXFileReference; lastKnownFileType = image.jpeg; path = buckingham_palace.jpg; sourceTree = "<group>"; };
		6726238A2115741500E869C5 /* AttractionDetailViewController.swift */ = {isa = PBXFileReference; lastKnownFileType = sourcecode.swift; path = AttractionDetailViewController.swift; sourceTree = "<group>"; };
/* End PBXFileReference section */

/* Begin PBXFrameworksBuildPhase section */
		672623482115646700E869C5 /* Frameworks */ = {
			isa = PBXFrameworksBuildPhase;
			buildActionMask = 2147483647;
			files = (
			);
			runOnlyForDeploymentPostprocessing = 0;
		};
		6726235C2115646E00E869C5 /* Frameworks */ = {
			isa = PBXFrameworksBuildPhase;
			buildActionMask = 2147483647;
			files = (
			);
			runOnlyForDeploymentPostprocessing = 0;
		};
		672623672115646E00E869C5 /* Frameworks */ = {
			isa = PBXFrameworksBuildPhase;
			buildActionMask = 2147483647;
			files = (
			);
			runOnlyForDeploymentPostprocessing = 0;
		};
/* End PBXFrameworksBuildPhase section */

/* Begin PBXGroup section */
		672623422115646700E869C5 = {
			isa = PBXGroup;
			children = (
				6726234D2115646700E869C5 /* Navigation */,
				672623622115646E00E869C5 /* NavigationTests */,
				6726236D2115646E00E869C5 /* NavigationUITests */,
				6726234C2115646700E869C5 /* Products */,
			);
			sourceTree = "<group>";
		};
		6726234C2115646700E869C5 /* Products */ = {
			isa = PBXGroup;
			children = (
				6726234B2115646700E869C5 /* Navigation.app */,
				6726235F2115646E00E869C5 /* NavigationTests.xctest */,
				6726236A2115646E00E869C5 /* NavigationUITests.xctest */,
			);
			name = Products;
			sourceTree = "<group>";
		};
		6726234D2115646700E869C5 /* Navigation */ = {
			isa = PBXGroup;
			children = (
				6726238421156A9200E869C5 /* buckingham_palace.jpg */,
				6726238021156A9100E869C5 /* eiffel_tower.jpg */,
				6726238121156A9100E869C5 /* empire_state_building.jpg */,
				6726238221156A9200E869C5 /* grand_canyon.jpg */,
				6726238321156A9200E869C5 /* windsor_castle.jpg */,
				6726234E2115646700E869C5 /* AppDelegate.swift */,
				672623522115646700E869C5 /* Main.storyboard */,
				672623552115646E00E869C5 /* Assets.xcassets */,
				672623572115646E00E869C5 /* LaunchScreen.storyboard */,
				6726235A2115646E00E869C5 /* Info.plist */,
				6726237C211564C800E869C5 /* AttractionTableViewController.swift */,
				6726237E211565F800E869C5 /* AttratactionTableViewCell.swift */,
				6726238A2115741500E869C5 /* AttractionDetailViewController.swift */,
			);
			path = Navigation;
			sourceTree = "<group>";
		};
		672623622115646E00E869C5 /* NavigationTests */ = {
			isa = PBXGroup;
			children = (
				672623632115646E00E869C5 /* NavigationTests.swift */,
				672623652115646E00E869C5 /* Info.plist */,
			);
			path = NavigationTests;
			sourceTree = "<group>";
		};
		6726236D2115646E00E869C5 /* NavigationUITests */ = {
			isa = PBXGroup;
			children = (
				6726236E2115646E00E869C5 /* NavigationUITests.swift */,
				672623702115646E00E869C5 /* Info.plist */,
			);
			path = NavigationUITests;
			sourceTree = "<group>";
		};
/* End PBXGroup section */

/* Begin PBXNativeTarget section */
		6726234A2115646700E869C5 /* Navigation */ = {
			isa = PBXNativeTarget;
			buildConfigurationList = 672623732115646E00E869C5 /* Build configuration list for PBXNativeTarget "Navigation" */;
			buildPhases = (
				672623472115646700E869C5 /* Sources */,
				672623482115646700E869C5 /* Frameworks */,
				672623492115646700E869C5 /* Resources */,
			);
			buildRules = (
			);
			dependencies = (
			);
			name = Navigation;
			productName = Navigation;
			productReference = 6726234B2115646700E869C5 /* Navigation.app */;
			productType = "com.apple.product-type.application";
		};
		6726235E2115646E00E869C5 /* NavigationTests */ = {
			isa = PBXNativeTarget;
			buildConfigurationList = 672623762115646E00E869C5 /* Build configuration list for PBXNativeTarget "NavigationTests" */;
			buildPhases = (
				6726235B2115646E00E869C5 /* Sources */,
				6726235C2115646E00E869C5 /* Frameworks */,
				6726235D2115646E00E869C5 /* Resources */,
			);
			buildRules = (
			);
			dependencies = (
				672623612115646E00E869C5 /* PBXTargetDependency */,
			);
			name = NavigationTests;
			productName = NavigationTests;
			productReference = 6726235F2115646E00E869C5 /* NavigationTests.xctest */;
			productType = "com.apple.product-type.bundle.unit-test";
		};
		672623692115646E00E869C5 /* NavigationUITests */ = {
			isa = PBXNativeTarget;
			buildConfigurationList = 672623792115646E00E869C5 /* Build configuration list for PBXNativeTarget "NavigationUITests" */;
			buildPhases = (
				672623662115646E00E869C5 /* Sources */,
				672623672115646E00E869C5 /* Frameworks */,
				672623682115646E00E869C5 /* Resources */,
			);
			buildRules = (
			);
			dependencies = (
				6726236C2115646E00E869C5 /* PBXTargetDependency */,
			);
			name = NavigationUITests;
			productName = NavigationUITests;
			productReference = 6726236A2115646E00E869C5 /* NavigationUITests.xctest */;
			productType = "com.apple.product-type.bundle.ui-testing";
		};
/* End PBXNativeTarget section */

/* Begin PBXProject section */
		672623432115646700E869C5 /* Project object */ = {
			isa = PBXProject;
			attributes = {
				LastSwiftUpdateCheck = 0940;
				LastUpgradeCheck = 0940;
				ORGANIZATIONNAME = moonbc;
				TargetAttributes = {
					6726234A2115646700E869C5 = {
						CreatedOnToolsVersion = 9.4.1;
					};
					6726235E2115646E00E869C5 = {
						CreatedOnToolsVersion = 9.4.1;
						TestTargetID = 6726234A2115646700E869C5;
					};
					672623692115646E00E869C5 = {
						CreatedOnToolsVersion = 9.4.1;
						TestTargetID = 6726234A2115646700E869C5;
					};
				};
			};
			buildConfigurationList = 672623462115646700E869C5 /* Build configuration list for PBXProject "Navigation" */;
			compatibilityVersion = "Xcode 9.3";
			developmentRegion = en;
			hasScannedForEncodings = 0;
			knownRegions = (
				en,
				Base,
			);
			mainGroup = 672623422115646700E869C5;
			productRefGroup = 6726234C2115646700E869C5 /* Products */;
			projectDirPath = "";
			projectRoot = "";
			targets = (
				6726234A2115646700E869C5 /* Navigation */,
				6726235E2115646E00E869C5 /* NavigationTests */,
				672623692115646E00E869C5 /* NavigationUITests */,
			);
		};
/* End PBXProject section */

/* Begin PBXResourcesBuildPhase section */
		672623492115646700E869C5 /* Resources */ = {
			isa = PBXResourcesBuildPhase;
			buildActionMask = 2147483647;
			files = (
				672623592115646E00E869C5 /* LaunchScreen.storyboard in Resources */,
				672623562115646E00E869C5 /* Assets.xcassets in Resources */,
				6726238921156A9200E869C5 /* buckingham_palace.jpg in Resources */,
				6726238621156A9200E869C5 /* empire_state_building.jpg in Resources */,
				6726238521156A9200E869C5 /* eiffel_tower.jpg in Resources */,
				6726238721156A9200E869C5 /* grand_canyon.jpg in Resources */,
				672623542115646700E869C5 /* Main.storyboard in Resources */,
				6726238821156A9200E869C5 /* windsor_castle.jpg in Resources */,
			);
			runOnlyForDeploymentPostprocessing = 0;
		};
		6726235D2115646E00E869C5 /* Resources */ = {
			isa = PBXResourcesBuildPhase;
			buildActionMask = 2147483647;
			files = (
			);
			runOnlyForDeploymentPostprocessing = 0;
		};
		672623682115646E00E869C5 /* Resources */ = {
			isa = PBXResourcesBuildPhase;
			buildActionMask = 2147483647;
			files = (
			);
			runOnlyForDeploymentPostprocessing = 0;
		};
/* End PBXResourcesBuildPhase section */

/* Begin PBXSourcesBuildPhase section */
		672623472115646700E869C5 /* Sources */ = {
			isa = PBXSourcesBuildPhase;
			buildActionMask = 2147483647;
			files = (
				6726237D211564C800E869C5 /* AttractionTableViewController.swift in Sources */,
				6726237F211565F800E869C5 /* AttratactionTableViewCell.swift in Sources */,
				6726238B2115741500E869C5 /* AttractionDetailViewController.swift in Sources */,
				6726234F2115646700E869C5 /* AppDelegate.swift in Sources */,
			);
			runOnlyForDeploymentPostprocessing = 0;
		};
		6726235B2115646E00E869C5 /* Sources */ = {
			isa = PBXSourcesBuildPhase;
			buildActionMask = 2147483647;
			files = (
				672623642115646E00E869C5 /* NavigationTests.swift in Sources */,
			);
			runOnlyForDeploymentPostprocessing = 0;
		};
		672623662115646E00E869C5 /* Sources */ = {
			isa = PBXSourcesBuildPhase;
			buildActionMask = 2147483647;
			files = (
				6726236F2115646E00E869C5 /* NavigationUITests.swift in Sources */,
			);
			runOnlyForDeploymentPostprocessing = 0;
		};
/* End PBXSourcesBuildPhase section */

/* Begin PBXTargetDependency section */
		672623612115646E00E869C5 /* PBXTargetDependency */ = {
			isa = PBXTargetDependency;
			target = 6726234A2115646700E869C5 /* Navigation */;
			targetProxy = 672623602115646E00E869C5 /* PBXContainerItemProxy */;
		};
		6726236C2115646E00E869C5 /* PBXTargetDependency */ = {
			isa = PBXTargetDependency;
			target = 6726234A2115646700E869C5 /* Navigation */;
			targetProxy = 6726236B2115646E00E869C5 /* PBXContainerItemProxy */;
		};
/* End PBXTargetDependency section */

/* Begin PBXVariantGroup section */
		672623522115646700E869C5 /* Main.storyboard */ = {
			isa = PBXVariantGroup;
			children = (
				672623532115646700E869C5 /* Base */,
			);
			name = Main.storyboard;
			sourceTree = "<group>";
		};
		672623572115646E00E869C5 /* LaunchScreen.storyboard */ = {
			isa = PBXVariantGroup;
			children = (
				672623582115646E00E869C5 /* Base */,
			);
			name = LaunchScreen.storyboard;
			sourceTree = "<group>";
		};
/* End PBXVariantGroup section */

/* Begin XCBuildConfiguration section */
		672623712115646E00E869C5 /* Debug */ = {
			isa = XCBuildConfiguration;
			buildSettings = {
				ALWAYS_SEARCH_USER_PATHS = NO;
				CLANG_ANALYZER_NONNULL = YES;
				CLANG_ANALYZER_NUMBER_OBJECT_CONVERSION = YES_AGGRESSIVE;
				CLANG_CXX_LANGUAGE_STANDARD = "gnu++14";
				CLANG_CXX_LIBRARY = "libc++";
				CLANG_ENABLE_MODULES = YES;
				CLANG_ENABLE_OBJC_ARC = YES;
				CLANG_ENABLE_OBJC_WEAK = YES;
				CLANG_WARN_BLOCK_CAPTURE_AUTORELEASING = YES;
				CLANG_WARN_BOOL_CONVERSION = YES;
				CLANG_WARN_COMMA = YES;
				CLANG_WARN_CONSTANT_CONVERSION = YES;
				CLANG_WARN_DEPRECATED_OBJC_IMPLEMENTATIONS = YES;
				CLANG_WARN_DIRECT_OBJC_ISA_USAGE = YES_ERROR;
				CLANG_WARN_DOCUMENTATION_COMMENTS = YES;
				CLANG_WARN_EMPTY_BODY = YES;
				CLANG_WARN_ENUM_CONVERSION = YES;
				CLANG_WARN_INFINITE_RECURSION = YES;
				CLANG_WARN_INT_CONVERSION = YES;
				CLANG_WARN_NON_LITERAL_NULL_CONVERSION = YES;
				CLANG_WARN_OBJC_IMPLICIT_RETAIN_SELF = YES;
				CLANG_WARN_OBJC_LITERAL_CONVERSION = YES;
				CLANG_WARN_OBJC_ROOT_CLASS = YES_ERROR;
				CLANG_WARN_RANGE_LOOP_ANALYSIS = YES;
				CLANG_WARN_STRICT_PROTOTYPES = YES;
				CLANG_WARN_SUSPICIOUS_MOVE = YES;
				CLANG_WARN_UNGUARDED_AVAILABILITY = YES_AGGRESSIVE;
				CLANG_WARN_UNREACHABLE_CODE = YES;
				CLANG_WARN__DUPLICATE_METHOD_MATCH = YES;
				CODE_SIGN_IDENTITY = "iPhone Developer";
				COPY_PHASE_STRIP = NO;
				DEBUG_INFORMATION_FORMAT = dwarf;
				ENABLE_STRICT_OBJC_MSGSEND = YES;
				ENABLE_TESTABILITY = YES;
				GCC_C_LANGUAGE_STANDARD = gnu11;
				GCC_DYNAMIC_NO_PIC = NO;
				GCC_NO_COMMON_BLOCKS = YES;
				GCC_OPTIMIZATION_LEVEL = 0;
				GCC_PREPROCESSOR_DEFINITIONS = (
					"DEBUG=1",
					"$(inherited)",
				);
				GCC_WARN_64_TO_32_BIT_CONVERSION = YES;
				GCC_WARN_ABOUT_RETURN_TYPE = YES_ERROR;
				GCC_WARN_UNDECLARED_SELECTOR = YES;
				GCC_WARN_UNINITIALIZED_AUTOS = YES_AGGRESSIVE;
				GCC_WARN_UNUSED_FUNCTION = YES;
				GCC_WARN_UNUSED_VARIABLE = YES;
				IPHONEOS_DEPLOYMENT_TARGET = 11.4;
				MTL_ENABLE_DEBUG_INFO = YES;
				ONLY_ACTIVE_ARCH = YES;
				SDKROOT = iphoneos;
				SWIFT_ACTIVE_COMPILATION_CONDITIONS = DEBUG;
				SWIFT_OPTIMIZATION_LEVEL = "-Onone";
			};
			name = Debug;
		};
		672623722115646E00E869C5 /* Release */ = {
			isa = XCBuildConfiguration;
			buildSettings = {
				ALWAYS_SEARCH_USER_PATHS = NO;
				CLANG_ANALYZER_NONNULL = YES;
				CLANG_ANALYZER_NUMBER_OBJECT_CONVERSION = YES_AGGRESSIVE;
				CLANG_CXX_LANGUAGE_STANDARD = "gnu++14";
				CLANG_CXX_LIBRARY = "libc++";
				CLANG_ENABLE_MODULES = YES;
				CLANG_ENABLE_OBJC_ARC = YES;
				CLANG_ENABLE_OBJC_WEAK = YES;
				CLANG_WARN_BLOCK_CAPTURE_AUTORELEASING = YES;
				CLANG_WARN_BOOL_CONVERSION = YES;
				CLANG_WARN_COMMA = YES;
				CLANG_WARN_CONSTANT_CONVERSION = YES;
				CLANG_WARN_DEPRECATED_OBJC_IMPLEMENTATIONS = YES;
				CLANG_WARN_DIRECT_OBJC_ISA_USAGE = YES_ERROR;
				CLANG_WARN_DOCUMENTATION_COMMENTS = YES;
				CLANG_WARN_EMPTY_BODY = YES;
				CLANG_WARN_ENUM_CONVERSION = YES;
				CLANG_WARN_INFINITE_RECURSION = YES;
				CLANG_WARN_INT_CONVERSION = YES;
				CLANG_WARN_NON_LITERAL_NULL_CONVERSION = YES;
				CLANG_WARN_OBJC_IMPLICIT_RETAIN_SELF = YES;
				CLANG_WARN_OBJC_LITERAL_CONVERSION = YES;
				CLANG_WARN_OBJC_ROOT_CLASS = YES_ERROR;
				CLANG_WARN_RANGE_LOOP_ANALYSIS = YES;
				CLANG_WARN_STRICT_PROTOTYPES = YES;
				CLANG_WARN_SUSPICIOUS_MOVE = YES;
				CLANG_WARN_UNGUARDED_AVAILABILITY = YES_AGGRESSIVE;
				CLANG_WARN_UNREACHABLE_CODE = YES;
				CLANG_WARN__DUPLICATE_METHOD_MATCH = YES;
				CODE_SIGN_IDENTITY = "iPhone Developer";
				COPY_PHASE_STRIP = NO;
				DEBUG_INFORMATION_FORMAT = "dwarf-with-dsym";
				ENABLE_NS_ASSERTIONS = NO;
				ENABLE_STRICT_OBJC_MSGSEND = YES;
				GCC_C_LANGUAGE_STANDARD = gnu11;
				GCC_NO_COMMON_BLOCKS = YES;
				GCC_WARN_64_TO_32_BIT_CONVERSION = YES;
				GCC_WARN_ABOUT_RETURN_TYPE = YES_ERROR;
				GCC_WARN_UNDECLARED_SELECTOR = YES;
				GCC_WARN_UNINITIALIZED_AUTOS = YES_AGGRESSIVE;
				GCC_WARN_UNUSED_FUNCTION = YES;
				GCC_WARN_UNUSED_VARIABLE = YES;
				IPHONEOS_DEPLOYMENT_TARGET = 11.4;
				MTL_ENABLE_DEBUG_INFO = NO;
				SDKROOT = iphoneos;
				SWIFT_COMPILATION_MODE = wholemodule;
				SWIFT_OPTIMIZATION_LEVEL = "-O";
				VALIDATE_PRODUCT = YES;
			};
			name = Release;
		};
		672623742115646E00E869C5 /* Debug */ = {
			isa = XCBuildConfiguration;
			buildSettings = {
				ASSETCATALOG_COMPILER_APPICON_NAME = AppIcon;
				CODE_SIGN_STYLE = Automatic;
				DEVELOPMENT_TEAM = F5BKL52VYG;
				INFOPLIST_FILE = Navigation/Info.plist;
				LD_RUNPATH_SEARCH_PATHS = (
					"$(inherited)",
					"@executable_path/Frameworks",
				);
				PRODUCT_BUNDLE_IDENTIFIER = com.moonbc.Navigation;
				PRODUCT_NAME = "$(TARGET_NAME)";
				SWIFT_VERSION = 4.0;
				TARGETED_DEVICE_FAMILY = "1,2";
			};
			name = Debug;
		};
		672623752115646E00E869C5 /* Release */ = {
			isa = XCBuildConfiguration;
			buildSettings = {
				ASSETCATALOG_COMPILER_APPICON_NAME = AppIcon;
				CODE_SIGN_STYLE = Automatic;
				DEVELOPMENT_TEAM = F5BKL52VYG;
				INFOPLIST_FILE = Navigation/Info.plist;
				LD_RUNPATH_SEARCH_PATHS = (
					"$(inherited)",
					"@executable_path/Frameworks",
				);
				PRODUCT_BUNDLE_IDENTIFIER = com.moonbc.Navigation;
				PRODUCT_NAME = "$(TARGET_NAME)";
				SWIFT_VERSION = 4.0;
				TARGETED_DEVICE_FAMILY = "1,2";
			};
			name = Release;
		};
		672623772115646E00E869C5 /* Debug */ = {
			isa = XCBuildConfiguration;
			buildSettings = {
				ALWAYS_EMBED_SWIFT_STANDARD_LIBRARIES = YES;
				BUNDLE_LOADER = "$(TEST_HOST)";
				CODE_SIGN_STYLE = Automatic;
				DEVELOPMENT_TEAM = F5BKL52VYG;
				INFOPLIST_FILE = NavigationTests/Info.plist;
				LD_RUNPATH_SEARCH_PATHS = (
					"$(inherited)",
					"@executable_path/Frameworks",
					"@loader_path/Frameworks",
				);
				PRODUCT_BUNDLE_IDENTIFIER = com.moonbc.NavigationTests;
				PRODUCT_NAME = "$(TARGET_NAME)";
				SWIFT_VERSION = 4.0;
				TARGETED_DEVICE_FAMILY = "1,2";
				TEST_HOST = "$(BUILT_PRODUCTS_DIR)/Navigation.app/Navigation";
			};
			name = Debug;
		};
		672623782115646E00E869C5 /* Release */ = {
			isa = XCBuildConfiguration;
			buildSettings = {
				ALWAYS_EMBED_SWIFT_STANDARD_LIBRARIES = YES;
				BUNDLE_LOADER = "$(TEST_HOST)";
				CODE_SIGN_STYLE = Automatic;
				DEVELOPMENT_TEAM = F5BKL52VYG;
				INFOPLIST_FILE = NavigationTests/Info.plist;
				LD_RUNPATH_SEARCH_PATHS = (
					"$(inherited)",
					"@executable_path/Frameworks",
					"@loader_path/Frameworks",
				);
				PRODUCT_BUNDLE_IDENTIFIER = com.moonbc.NavigationTests;
				PRODUCT_NAME = "$(TARGET_NAME)";
				SWIFT_VERSION = 4.0;
				TARGETED_DEVICE_FAMILY = "1,2";
				TEST_HOST = "$(BUILT_PRODUCTS_DIR)/Navigation.app/Navigation";
			};
			name = Release;
		};
		6726237A2115646E00E869C5 /* Debug */ = {
			isa = XCBuildConfiguration;
			buildSettings = {
				ALWAYS_EMBED_SWIFT_STANDARD_LIBRARIES = YES;
				CODE_SIGN_STYLE = Automatic;
				DEVELOPMENT_TEAM = F5BKL52VYG;
				INFOPLIST_FILE = NavigationUITests/Info.plist;
				LD_RUNPATH_SEARCH_PATHS = (
					"$(inherited)",
					"@executable_path/Frameworks",
					"@loader_path/Frameworks",
				);
				PRODUCT_BUNDLE_IDENTIFIER = com.moonbc.NavigationUITests;
				PRODUCT_NAME = "$(TARGET_NAME)";
				SWIFT_VERSION = 4.0;
				TARGETED_DEVICE_FAMILY = "1,2";
				TEST_TARGET_NAME = Navigation;
			};
			name = Debug;
		};
		6726237B2115646E00E869C5 /* Release */ = {
			isa = XCBuildConfiguration;
			buildSettings = {
				ALWAYS_EMBED_SWIFT_STANDARD_LIBRARIES = YES;
				CODE_SIGN_STYLE = Automatic;
				DEVELOPMENT_TEAM = F5BKL52VYG;
				INFOPLIST_FILE = NavigationUITests/Info.plist;
				LD_RUNPATH_SEARCH_PATHS = (
					"$(inherited)",
					"@executable_path/Frameworks",
					"@loader_path/Frameworks",
				);
				PRODUCT_BUNDLE_IDENTIFIER = com.moonbc.NavigationUITests;
				PRODUCT_NAME = "$(TARGET_NAME)";
				SWIFT_VERSION = 4.0;
				TARGETED_DEVICE_FAMILY = "1,2";
				TEST_TARGET_NAME = Navigation;
			};
			name = Release;
		};
/* End XCBuildConfiguration section */

/* Begin XCConfigurationList section */
		672623462115646700E869C5 /* Build configuration list for PBXProject "Navigation" */ = {
			isa = XCConfigurationList;
			buildConfigurations = (
				672623712115646E00E869C5 /* Debug */,
				672623722115646E00E869C5 /* Release */,
			);
			defaultConfigurationIsVisible = 0;
			defaultConfigurationName = Release;
		};
		672623732115646E00E869C5 /* Build configuration list for PBXNativeTarget "Navigation" */ = {
			isa = XCConfigurationList;
			buildConfigurations = (
				672623742115646E00E869C5 /* Debug */,
				672623752115646E00E869C5 /* Release */,
			);
			defaultConfigurationIsVisible = 0;
			defaultConfigurationName = Release;
		};
		672623762115646E00E869C5 /* Build configuration list for PBXNativeTarget "NavigationTests" */ = {
			isa = XCConfigurationList;
			buildConfigurations = (
				672623772115646E00E869C5 /* Debug */,
				672623782115646E00E869C5 /* Release */,
			);
			defaultConfigurationIsVisible = 0;
			defaultConfigurationName = Release;
		};
		672623792115646E00E869C5 /* Build configuration list for PBXNativeTarget "NavigationUITests" */ = {
			isa = XCConfigurationList;
			buildConfigurations = (
				6726237A2115646E00E869C5 /* Debug */,
				6726237B2115646E00E869C5 /* Release */,
			);
			defaultConfigurationIsVisible = 0;
			defaultConfigurationName = Release;
		};
/* End XCConfigurationList section */
	};
	rootObject = 672623432115646700E869C5 /* Project object */;
}
